PODS:
  - JJLISO8601DateFormatter (0.1.2)
  - lottie-ios (3.1.6):
    - ZippyJSON
  - ZippyJSON (1.2.0):
    - JJLISO8601DateFormatter (~> 0.1.2)
    - ZippyJSONCFamily (= 1.2.0)
  - ZippyJSONCFamily (1.2.0)

DEPENDENCIES:
  - lottie-ios (from `../`)
  - ZippyJSON (from `https://github.com/michaeleisel/zippyjson`, branch `master`)
  - ZippyJSONCFamily (from `https://github.com/michaeleisel/ZippyJSONCFamily`, branch `master`)

SPEC REPOS:
  trunk:
    - JJLISO8601DateFormatter

EXTERNAL SOURCES:
  lottie-ios:
    :path: "../"
  ZippyJSON:
    :branch: master
    :git: https://github.com/michaeleisel/zippyjson
  ZippyJSONCFamily:
    :branch: master
    :git: https://github.com/michaeleisel/ZippyJSONCFamily

CHECKOUT OPTIONS:
  ZippyJSON:
    :commit: fa328469a8d40017b460cd8cc5808bd556334fe3
    :git: https://github.com/michaeleisel/zippyjson
  ZippyJSONCFamily:
    :commit: 07f66aafdb07ac0f41f132185483a87ff79960b3
    :git: https://github.com/michaeleisel/ZippyJSONCFamily

SPEC CHECKSUMS:
  JJLISO8601DateFormatter: 06a216365f6c8b0ec33a6ce3750d496f048efb32
  lottie-ios: 0afecca9da684d9d7be36cf7f9cdc5f6d605e8a4
  ZippyJSON: 873872f36dab459bc94d1f8dbb71072e701f4138
  ZippyJSONCFamily: c111c06c0f252cdeb29ae649f9564e552bbaa93e

PODFILE CHECKSUM: 60481f968028752f1ab95ec48d5d1691b2a0a081

COCOAPODS: 1.9.1
